
Microsoft Visual Studio Solution File, Format Version 12.00
# Visual Studio Version 17
VisualStudioVersion = 17.9.34607.119
MinimumVisualStudioVersion = 10.0.40219.1
Project("{9A19103F-16F7-4668-BE54-9A1E7A4F7556}") = "Cryptology", "Cryptology.csproj", "{15BBA4DF-90FF-4C57-94EE-621F8EAE92B6}"
EndProject
Project("{FAE04EC0-301F-11D3-BF4B-00C04F79EFBC}") = "TestCaesar", "..\TestCaesar\TestCaesar.csproj", "{A1F837E6-93A9-4F01-A295-CE6AE69754DB}"
EndProject
Global
	GlobalSection(SolutionConfigurationPlatforms) = preSolution
		Debug|Any CPU = Debug|Any CPU
		Release|Any CPU = Release|Any CPU
	EndGlobalSection
	GlobalSection(ProjectConfigurationPlatforms) = postSolution
		{15BBA4DF-90FF-4C57-94EE-621F8EAE92B6}.Debug|Any CPU.ActiveCfg = Debug|Any CPU
		{15BBA4DF-90FF-4C57-94EE-621F8EAE92B6}.Debug|Any CPU.Build.0 = Debug|Any CPU
		{15BBA4DF-90FF-4C57-94EE-621F8EAE92B6}.Release|Any CPU.ActiveCfg = Release|Any CPU
		{15BBA4DF-90FF-4C57-94EE-621F8EAE92B6}.Release|Any CPU.Build.0 = Release|Any CPU
		{A1F837E6-93A9-4F01-A295-CE6AE69754DB}.Debug|Any CPU.ActiveCfg = Debug|Any CPU
		{A1F837E6-93A9-4F01-A295-CE6AE69754DB}.Debug|Any CPU.Build.0 = Debug|Any CPU
		{A1F837E6-93A9-4F01-A295-CE6AE69754DB}.Release|Any CPU.ActiveCfg = Release|Any CPU
		{A1F837E6-93A9-4F01-A295-CE6AE69754DB}.Release|Any CPU.Build.0 = Release|Any CPU
	EndGlobalSection
	GlobalSection(SolutionProperties) = preSolution
		HideSolutionNode = FALSE
	EndGlobalSection
	GlobalSection(ExtensibilityGlobals) = postSolution
		SolutionGuid = {6F40EBEF-12B6-4B48-A7CB-D91ADA8C1DBB}
	EndGlobalSection
EndGlobal
