
Microsoft Visual Studio Solution File, Format Version 12.00
# Visual Studio Version 17
VisualStudioVersion = 17.10.34928.147
MinimumVisualStudioVersion = 10.0.40219.1
Project("{FAE04EC0-301F-11D3-BF4B-00C04F79EFBC}") = "AffineLight", "AffineLight.csproj", "{1AF34ECA-6032-41DC-9BB5-9113469DA650}"
EndProject
Global
	GlobalSection(SolutionConfigurationPlatforms) = preSolution
		Debug|Any CPU = Debug|Any CPU
		Release|Any CPU = Release|Any CPU
	EndGlobalSection
	GlobalSection(ProjectConfigurationPlatforms) = postSolution
		{1AF34ECA-6032-41DC-9BB5-9113469DA650}.Debug|Any CPU.ActiveCfg = Debug|Any CPU
		{1AF34ECA-6032-41DC-9BB5-9113469DA650}.Debug|Any CPU.Build.0 = Debug|Any CPU
		{1AF34ECA-6032-41DC-9BB5-9113469DA650}.Release|Any CPU.ActiveCfg = Release|Any CPU
		{1AF34ECA-6032-41DC-9BB5-9113469DA650}.Release|Any CPU.Build.0 = Release|Any CPU
	EndGlobalSection
	GlobalSection(SolutionProperties) = preSolution
		HideSolutionNode = FALSE
	EndGlobalSection
	GlobalSection(ExtensibilityGlobals) = postSolution
		SolutionGuid = {393395B2-742F-4352-83D5-D4B87D90E538}
	EndGlobalSection
EndGlobal
